
Microsoft Visual Studio Solution File, Format Version 12.00
# Visual Studio Version 16
VisualStudioVersion = 16.0.32413.511
MinimumVisualStudioVersion = 10.0.40219.1
Project("{888888A0-9F3D-457C-B088-3A5042F75D52}") = "D3", "D3\D3.pyproj", "{D5F5E4A4-EAD8-4316-9B6D-B17B90FA347C}"
EndProject
Global
	GlobalSection(SolutionConfigurationPlatforms) = preSolution
		Debug|Any CPU = Debug|Any CPU
		Release|Any CPU = Release|Any CPU
	EndGlobalSection
	GlobalSection(ProjectConfigurationPlatforms) = postSolution
		{D5F5E4A4-EAD8-4316-9B6D-B17B90FA347C}.Debug|Any CPU.ActiveCfg = Debug|Any CPU
		{D5F5E4A4-EAD8-4316-9B6D-B17B90FA347C}.Release|Any CPU.ActiveCfg = Release|Any CPU
	EndGlobalSection
	GlobalSection(SolutionProperties) = preSolution
		HideSolutionNode = FALSE
	EndGlobalSection
	GlobalSection(ExtensibilityGlobals) = postSolution
		SolutionGuid = {5CB85F7A-87C9-4D11-8FEB-219050C79020}
	EndGlobalSection
EndGlobal
